// !$*UTF8*$!
{
	archiveVersion = 1;
	classes = {
	};
	objectVersion = 46;
	objects = {

/* Begin PBXBuildFile section */
		82202EB014DCAB9500E103B4 /* UIKit.framework in Frameworks */ = {isa = PBXBuildFile; fileRef = 82202EAF14DCAB9500E103B4 /* UIKit.framework */; };
		82202EB214DCAB9500E103B4 /* Foundation.framework in Frameworks */ = {isa = PBXBuildFile; fileRef = 82202EB114DCAB9500E103B4 /* Foundation.framework */; };
		82202EB414DCAB9500E103B4 /* CoreGraphics.framework in Frameworks */ = {isa = PBXBuildFile; fileRef = 82202EB314DCAB9500E103B4 /* CoreGraphics.framework */; };
		82202EBA14DCAB9500E103B4 /* InfoPlist.strings in Resources */ = {isa = PBXBuildFile; fileRef = 82202EB814DCAB9500E103B4 /* InfoPlist.strings */; };
		82202EBC14DCAB9500E103B4 /* main.m in Sources */ = {isa = PBXBuildFile; fileRef = 82202EBB14DCAB9500E103B4 /* main.m */; };
		82202EC014DCAB9500E103B4 /* AppDelegate.m in Sources */ = {isa = PBXBuildFile; fileRef = 82202EBF14DCAB9500E103B4 /* AppDelegate.m */; };
		82202EC314DCAB9500E103B4 /* ViewController.m in Sources */ = {isa = PBXBuildFile; fileRef = 82202EC214DCAB9500E103B4 /* ViewController.m */; };
		82202EC614DCAB9500E103B4 /* ViewController.xib in Resources */ = {isa = PBXBuildFile; fileRef = 82202EC414DCAB9500E103B4 /* ViewController.xib */; };
		82202ED114DCAEC800E103B4 /* QuartzCore.framework in Frameworks */ = {isa = PBXBuildFile; fileRef = 82202ED014DCAEC800E103B4 /* QuartzCore.framework */; };
		82202EDD14DCE5B400E103B4 /* MultiScrollViewViewController.m in Sources */ = {isa = PBXBuildFile; fileRef = 82202EDB14DCE5B400E103B4 /* MultiScrollViewViewController.m */; };
		82202EDE14DCE5B400E103B4 /* MultiScrollViewViewController.xib in Resources */ = {isa = PBXBuildFile; fileRef = 82202EDC14DCE5B400E103B4 /* MultiScrollViewViewController.xib */; };
		82202EE714DCEB1E00E103B4 /* linen.png in Resources */ = {isa = PBXBuildFile; fileRef = 82202EE614DCEB1E00E103B4 /* linen.png */; };
		82202EEB14DCEB6500E103B4 /* honey_badger.jpg in Resources */ = {isa = PBXBuildFile; fileRef = 82202EE814DCEB6500E103B4 /* honey_badger.jpg */; };
		82202EEC14DCEB6500E103B4 /* nailed_it.jpg in Resources */ = {isa = PBXBuildFile; fileRef = 82202EE914DCEB6500E103B4 /* nailed_it.jpg */; };
		82202EED14DCEB6500E103B4 /* sexy_beast.png in Resources */ = {isa = PBXBuildFile; fileRef = 82202EEA14DCEB6500E103B4 /* sexy_beast.png */; };
/* End PBXBuildFile section */

/* Begin PBXFileReference section */
		82202EAB14DCAB9500E103B4 /* MultiScroller.app */ = {isa = PBXFileReference; explicitFileType = wrapper.application; includeInIndex = 0; path = MultiScroller.app; sourceTree = BUILT_PRODUCTS_DIR; };
		82202EAF14DCAB9500E103B4 /* UIKit.framework */ = {isa = PBXFileReference; lastKnownFileType = wrapper.framework; name = UIKit.framework; path = System/Library/Frameworks/UIKit.framework; sourceTree = SDKROOT; };
		82202EB114DCAB9500E103B4 /* Foundation.framework */ = {isa = PBXFileReference; lastKnownFileType = wrapper.framework; name = Foundation.framework; path = System/Library/Frameworks/Foundation.framework; sourceTree = SDKROOT; };
		82202EB314DCAB9500E103B4 /* CoreGraphics.framework */ = {isa = PBXFileReference; lastKnownFileType = wrapper.framework; name = CoreGraphics.framework; path = System/Library/Frameworks/CoreGraphics.framework; sourceTree = SDKROOT; };
		82202EB714DCAB9500E103B4 /* MultiScroller-Info.plist */ = {isa = PBXFileReference; lastKnownFileType = text.plist.xml; path = "MultiScroller-Info.plist"; sourceTree = "<group>"; };
		82202EB914DCAB9500E103B4 /* en */ = {isa = PBXFileReference; lastKnownFileType = text.plist.strings; name = en; path = en.lproj/InfoPlist.strings; sourceTree = "<group>"; };
		82202EBB14DCAB9500E103B4 /* main.m */ = {isa = PBXFileReference; lastKnownFileType = sourcecode.c.objc; path = main.m; sourceTree = "<group>"; };
		82202EBD14DCAB9500E103B4 /* MultiScroller-Prefix.pch */ = {isa = PBXFileReference; lastKnownFileType = sourcecode.c.h; path = "MultiScroller-Prefix.pch"; sourceTree = "<group>"; };
		82202EBE14DCAB9500E103B4 /* AppDelegate.h */ = {isa = PBXFileReference; lastKnownFileType = sourcecode.c.h; path = AppDelegate.h; sourceTree = "<group>"; };
		82202EBF14DCAB9500E103B4 /* AppDelegate.m */ = {isa = PBXFileReference; lastKnownFileType = sourcecode.c.objc; path = AppDelegate.m; sourceTree = "<group>"; };
		82202EC114DCAB9500E103B4 /* ViewController.h */ = {isa = PBXFileReference; lastKnownFileType = sourcecode.c.h; path = ViewController.h; sourceTree = "<group>"; };
		82202EC214DCAB9500E103B4 /* ViewController.m */ = {isa = PBXFileReference; lastKnownFileType = sourcecode.c.objc; path = ViewController.m; sourceTree = "<group>"; };
		82202EC514DCAB9500E103B4 /* en */ = {isa = PBXFileReference; lastKnownFileType = file.xib; name = en; path = en.lproj/ViewController.xib; sourceTree = "<group>"; };
		82202ED014DCAEC800E103B4 /* QuartzCore.framework */ = {isa = PBXFileReference; lastKnownFileType = wrapper.framework; name = QuartzCore.framework; path = System/Library/Frameworks/QuartzCore.framework; sourceTree = SDKROOT; };
		82202EDA14DCE5B400E103B4 /* MultiScrollViewViewController.h */ = {isa = PBXFileReference; fileEncoding = 4; lastKnownFileType = sourcecode.c.h; path = MultiScrollViewViewController.h; sourceTree = "<group>"; };
		82202EDB14DCE5B400E103B4 /* MultiScrollViewViewController.m */ = {isa = PBXFileReference; fileEncoding = 4; lastKnownFileType = sourcecode.c.objc; path = MultiScrollViewViewController.m; sourceTree = "<group>"; };
		82202EDC14DCE5B400E103B4 /* MultiScrollViewViewController.xib */ = {isa = PBXFileReference; fileEncoding = 4; lastKnownFileType = file.xib; path = MultiScrollViewViewController.xib; sourceTree = "<group>"; };
		82202EE614DCEB1E00E103B4 /* linen.png */ = {isa = PBXFileReference; lastKnownFileType = image.png; path = linen.png; sourceTree = "<group>"; };
		82202EE814DCEB6500E103B4 /* honey_badger.jpg */ = {isa = PBXFileReference; lastKnownFileType = image.jpeg; path = honey_badger.jpg; sourceTree = "<group>"; };
		82202EE914DCEB6500E103B4 /* nailed_it.jpg */ = {isa = PBXFileReference; lastKnownFileType = image.jpeg; path = nailed_it.jpg; sourceTree = "<group>"; };
		82202EEA14DCEB6500E103B4 /* sexy_beast.png */ = {isa = PBXFileReference; lastKnownFileType = image.png; path = sexy_beast.png; sourceTree = "<group>"; };
/* End PBXFileReference section */

/* Begin PBXFrameworksBuildPhase section */
		82202EA814DCAB9500E103B4 /* Frameworks */ = {
			isa = PBXFrameworksBuildPhase;
			buildActionMask = 2147483647;
			files = (
				82202ED114DCAEC800E103B4 /* QuartzCore.framework in Frameworks */,
				82202EB014DCAB9500E103B4 /* UIKit.framework in Frameworks */,
				82202EB214DCAB9500E103B4 /* Foundation.framework in Frameworks */,
				82202EB414DCAB9500E103B4 /* CoreGraphics.framework in Frameworks */,
			);
			runOnlyForDeploymentPostprocessing = 0;
		};
/* End PBXFrameworksBuildPhase section */

/* Begin PBXGroup section */
		82202EA014DCAB9400E103B4 = {
			isa = PBXGroup;
			children = (
				82202EE414DCEAF500E103B4 /* Resources */,
				82202ED014DCAEC800E103B4 /* QuartzCore.framework */,
				82202EB514DCAB9500E103B4 /* MultiScroller */,
				82202EAE14DCAB9500E103B4 /* Frameworks */,
				82202EAC14DCAB9500E103B4 /* Products */,
			);
			sourceTree = "<group>";
		};
		82202EAC14DCAB9500E103B4 /* Products */ = {
			isa = PBXGroup;
			children = (
				82202EAB14DCAB9500E103B4 /* MultiScroller.app */,
			);
			name = Products;
			sourceTree = "<group>";
		};
		82202EAE14DCAB9500E103B4 /* Frameworks */ = {
			isa = PBXGroup;
			children = (
				82202EAF14DCAB9500E103B4 /* UIKit.framework */,
				82202EB114DCAB9500E103B4 /* Foundation.framework */,
				82202EB314DCAB9500E103B4 /* CoreGraphics.framework */,
			);
			name = Frameworks;
			sourceTree = "<group>";
		};
		82202EB514DCAB9500E103B4 /* MultiScroller */ = {
			isa = PBXGroup;
			children = (
				82202EBE14DCAB9500E103B4 /* AppDelegate.h */,
				82202EBF14DCAB9500E103B4 /* AppDelegate.m */,
				82202EC114DCAB9500E103B4 /* ViewController.h */,
				82202EC214DCAB9500E103B4 /* ViewController.m */,
				82202EC414DCAB9500E103B4 /* ViewController.xib */,
				82202EB614DCAB9500E103B4 /* Supporting Files */,
				82202EDA14DCE5B400E103B4 /* MultiScrollViewViewController.h */,
				82202EDB14DCE5B400E103B4 /* MultiScrollViewViewController.m */,
				82202EDC14DCE5B400E103B4 /* MultiScrollViewViewController.xib */,
			);
			path = MultiScroller;
			sourceTree = "<group>";
		};
		82202EB614DCAB9500E103B4 /* Supporting Files */ = {
			isa = PBXGroup;
			children = (
				82202EB714DCAB9500E103B4 /* MultiScroller-Info.plist */,
				82202EB814DCAB9500E103B4 /* InfoPlist.strings */,
				82202EBB14DCAB9500E103B4 /* main.m */,
				82202EBD14DCAB9500E103B4 /* MultiScroller-Prefix.pch */,
			);
			name = "Supporting Files";
			sourceTree = "<group>";
		};
		82202EE414DCEAF500E103B4 /* Resources */ = {
			isa = PBXGroup;
			children = (
				82202EE814DCEB6500E103B4 /* honey_badger.jpg */,
				82202EE914DCEB6500E103B4 /* nailed_it.jpg */,
				82202EEA14DCEB6500E103B4 /* sexy_beast.png */,
				82202EE614DCEB1E00E103B4 /* linen.png */,
			);
			name = Resources;
			sourceTree = "<group>";
		};
/* End PBXGroup section */

/* Begin PBXNativeTarget section */
		82202EAA14DCAB9500E103B4 /* MultiScroller */ = {
			isa = PBXNativeTarget;
			buildConfigurationList = 82202EC914DCAB9500E103B4 /* Build configuration list for PBXNativeTarget "MultiScroller" */;
			buildPhases = (
				82202EA714DCAB9500E103B4 /* Sources */,
				82202EA814DCAB9500E103B4 /* Frameworks */,
				82202EA914DCAB9500E103B4 /* Resources */,
			);
			buildRules = (
			);
			dependencies = (
			);
			name = MultiScroller;
			productName = MultiScroller;
			productReference = 82202EAB14DCAB9500E103B4 /* MultiScroller.app */;
			productType = "com.apple.product-type.application";
		};
/* End PBXNativeTarget section */

/* Begin PBXProject section */
		82202EA214DCAB9400E103B4 /* Project object */ = {
			isa = PBXProject;
			attributes = {
				LastUpgradeCheck = 0420;
			};
			buildConfigurationList = 82202EA514DCAB9400E103B4 /* Build configuration list for PBXProject "MultiScroller" */;
			compatibilityVersion = "Xcode 3.2";
			developmentRegion = English;
			hasScannedForEncodings = 0;
			knownRegions = (
				en,
			);
			mainGroup = 82202EA014DCAB9400E103B4;
			productRefGroup = 82202EAC14DCAB9500E103B4 /* Products */;
			projectDirPath = "";
			projectRoot = "";
			targets = (
				82202EAA14DCAB9500E103B4 /* MultiScroller */,
			);
		};
/* End PBXProject section */

/* Begin PBXResourcesBuildPhase section */
		82202EA914DCAB9500E103B4 /* Resources */ = {
			isa = PBXResourcesBuildPhase;
			buildActionMask = 2147483647;
			files = (
				82202EBA14DCAB9500E103B4 /* InfoPlist.strings in Resources */,
				82202EC614DCAB9500E103B4 /* ViewController.xib in Resources */,
				82202EDE14DCE5B400E103B4 /* MultiScrollViewViewController.xib in Resources */,
				82202EE714DCEB1E00E103B4 /* linen.png in Resources */,
				82202EEB14DCEB6500E103B4 /* honey_badger.jpg in Resources */,
				82202EEC14DCEB6500E103B4 /* nailed_it.jpg in Resources */,
				82202EED14DCEB6500E103B4 /* sexy_beast.png in Resources */,
			);
			runOnlyForDeploymentPostprocessing = 0;
		};
/* End PBXResourcesBuildPhase section */

/* Begin PBXSourcesBuildPhase section */
		82202EA714DCAB9500E103B4 /* Sources */ = {
			isa = PBXSourcesBuildPhase;
			buildActionMask = 2147483647;
			files = (
				82202EBC14DCAB9500E103B4 /* main.m in Sources */,
				82202EC014DCAB9500E103B4 /* AppDelegate.m in Sources */,
				82202EC314DCAB9500E103B4 /* ViewController.m in Sources */,
				82202EDD14DCE5B400E103B4 /* MultiScrollViewViewController.m in Sources */,
			);
			runOnlyForDeploymentPostprocessing = 0;
		};
/* End PBXSourcesBuildPhase section */

/* Begin PBXVariantGroup section */
		82202EB814DCAB9500E103B4 /* InfoPlist.strings */ = {
			isa = PBXVariantGroup;
			children = (
				82202EB914DCAB9500E103B4 /* en */,
			);
			name = InfoPlist.strings;
			sourceTree = "<group>";
		};
		82202EC414DCAB9500E103B4 /* ViewController.xib */ = {
			isa = PBXVariantGroup;
			children = (
				82202EC514DCAB9500E103B4 /* en */,
			);
			name = ViewController.xib;
			sourceTree = "<group>";
		};
/* End PBXVariantGroup section */

/* Begin XCBuildConfiguration section */
		82202EC714DCAB9500E103B4 /* Debug */ = {
			isa = XCBuildConfiguration;
			buildSettings = {
				ALWAYS_SEARCH_USER_PATHS = NO;
				ARCHS = "$(ARCHS_STANDARD_32_BIT)";
				CLANG_ENABLE_OBJC_ARC = YES;
				"CODE_SIGN_IDENTITY[sdk=iphoneos*]" = "iPhone Developer";
				COPY_PHASE_STRIP = NO;
				GCC_C_LANGUAGE_STANDARD = gnu99;
				GCC_DYNAMIC_NO_PIC = NO;
				GCC_OPTIMIZATION_LEVEL = 0;
				GCC_PREPROCESSOR_DEFINITIONS = (
					"DEBUG=1",
					"$(inherited)",
				);
				GCC_SYMBOLS_PRIVATE_EXTERN = NO;
				GCC_VERSION = com.apple.compilers.llvm.clang.1_0;
				GCC_WARN_ABOUT_MISSING_PROTOTYPES = YES;
				GCC_WARN_ABOUT_RETURN_TYPE = YES;
				GCC_WARN_UNUSED_VARIABLE = YES;
				IPHONEOS_DEPLOYMENT_TARGET = 5.0;
				SDKROOT = iphoneos;
			};
			name = Debug;
		};
		82202EC814DCAB9500E103B4 /* Release */ = {
			isa = XCBuildConfiguration;
			buildSettings = {
				ALWAYS_SEARCH_USER_PATHS = NO;
				ARCHS = "$(ARCHS_STANDARD_32_BIT)";
				CLANG_ENABLE_OBJC_ARC = YES;
				"CODE_SIGN_IDENTITY[sdk=iphoneos*]" = "iPhone Developer";
				COPY_PHASE_STRIP = YES;
				GCC_C_LANGUAGE_STANDARD = gnu99;
				GCC_VERSION = com.apple.compilers.llvm.clang.1_0;
				GCC_WARN_ABOUT_MISSING_PROTOTYPES = YES;
				GCC_WARN_ABOUT_RETURN_TYPE = YES;
				GCC_WARN_UNUSED_VARIABLE = YES;
				IPHONEOS_DEPLOYMENT_TARGET = 5.0;
				OTHER_CFLAGS = "-DNS_BLOCK_ASSERTIONS=1";
				SDKROOT = iphoneos;
				VALIDATE_PRODUCT = YES;
			};
			name = Release;
		};
		82202ECA14DCAB9500E103B4 /* Debug */ = {
			isa = XCBuildConfiguration;
			buildSettings = {
				GCC_PRECOMPILE_PREFIX_HEADER = YES;
				GCC_PREFIX_HEADER = "MultiScroller/MultiScroller-Prefix.pch";
				INFOPLIST_FILE = "MultiScroller/MultiScroller-Info.plist";
				PRODUCT_NAME = "$(TARGET_NAME)";
				WRAPPER_EXTENSION = app;
			};
			name = Debug;
		};
		82202ECB14DCAB9500E103B4 /* Release */ = {
			isa = XCBuildConfiguration;
			buildSettings = {
				GCC_PRECOMPILE_PREFIX_HEADER = YES;
				GCC_PREFIX_HEADER = "MultiScroller/MultiScroller-Prefix.pch";
				INFOPLIST_FILE = "MultiScroller/MultiScroller-Info.plist";
				PRODUCT_NAME = "$(TARGET_NAME)";
				WRAPPER_EXTENSION = app;
			};
			name = Release;
		};
/* End XCBuildConfiguration section */

/* Begin XCConfigurationList section */
		82202EA514DCAB9400E103B4 /* Build configuration list for PBXProject "MultiScroller" */ = {
			isa = XCConfigurationList;
			buildConfigurations = (
				82202EC714DCAB9500E103B4 /* Debug */,
				82202EC814DCAB9500E103B4 /* Release */,
			);
			defaultConfigurationIsVisible = 0;
			defaultConfigurationName = Release;
		};
		82202EC914DCAB9500E103B4 /* Build configuration list for PBXNativeTarget "MultiScroller" */ = {
			isa = XCConfigurationList;
			buildConfigurations = (
				82202ECA14DCAB9500E103B4 /* Debug */,
				82202ECB14DCAB9500E103B4 /* Release */,
			);
			defaultConfigurationIsVisible = 0;
			defaultConfigurationName = Release;
		};
/* End XCConfigurationList section */
	};
	rootObject = 82202EA214DCAB9400E103B4 /* Project object */;
}
